
Microsoft Visual Studio Solution File, Format Version 12.00
# Visual Studio Version 17
VisualStudioVersion = 17.11.35111.106
MinimumVisualStudioVersion = 10.0.40219.1
Project("{FAE04EC0-301F-11D3-BF4B-00C04F79EFBC}") = "ChronoFuck", "ChronoFuck\ChronoFuck.csproj", "{D7798AD0-D98B-4CC1-8BEA-8E0FD9DEA318}"
EndProject
Global
	GlobalSection(SolutionConfigurationPlatforms) = preSolution
		Debug|Any CPU = Debug|Any CPU
		Release|Any CPU = Release|Any CPU
	EndGlobalSection
	GlobalSection(ProjectConfigurationPlatforms) = postSolution
		{D7798AD0-D98B-4CC1-8BEA-8E0FD9DEA318}.Debug|Any CPU.ActiveCfg = Debug|Any CPU
		{D7798AD0-D98B-4CC1-8BEA-8E0FD9DEA318}.Debug|Any CPU.Build.0 = Debug|Any CPU
		{D7798AD0-D98B-4CC1-8BEA-8E0FD9DEA318}.Debug|Any CPU.Deploy.0 = Debug|Any CPU
		{D7798AD0-D98B-4CC1-8BEA-8E0FD9DEA318}.Release|Any CPU.ActiveCfg = Release|Any CPU
		{D7798AD0-D98B-4CC1-8BEA-8E0FD9DEA318}.Release|Any CPU.Build.0 = Release|Any CPU
		{D7798AD0-D98B-4CC1-8BEA-8E0FD9DEA318}.Release|Any CPU.Deploy.0 = Release|Any CPU
	EndGlobalSection
	GlobalSection(SolutionProperties) = preSolution
		HideSolutionNode = FALSE
	EndGlobalSection
	GlobalSection(ExtensibilityGlobals) = postSolution
		SolutionGuid = {7BCA63B2-4395-4605-9375-7B255E2CA81E}
	EndGlobalSection
EndGlobal
